
Microsoft Visual Studio Solution File, Format Version 12.00
# Visual Studio Version 16
VisualStudioVersion = 16.0.31624.102
MinimumVisualStudioVersion = 10.0.40219.1
Project("{FAE04EC0-301F-11D3-BF4B-00C04F79EFBC}") = "section_test", "section_test\section_test.csproj", "{95175459-6E9D-48C9-BAD1-091065EFD201}"
EndProject
Global
	GlobalSection(SolutionConfigurationPlatforms) = preSolution
		Debug|Any CPU = Debug|Any CPU
		Release|Any CPU = Release|Any CPU
	EndGlobalSection
	GlobalSection(ProjectConfigurationPlatforms) = postSolution
		{95175459-6E9D-48C9-BAD1-091065EFD201}.Debug|Any CPU.ActiveCfg = Debug|Any CPU
		{95175459-6E9D-48C9-BAD1-091065EFD201}.Debug|Any CPU.Build.0 = Debug|Any CPU
		{95175459-6E9D-48C9-BAD1-091065EFD201}.Release|Any CPU.ActiveCfg = Release|Any CPU
		{95175459-6E9D-48C9-BAD1-091065EFD201}.Release|Any CPU.Build.0 = Release|Any CPU
	EndGlobalSection
	GlobalSection(SolutionProperties) = preSolution
		HideSolutionNode = FALSE
	EndGlobalSection
	GlobalSection(ExtensibilityGlobals) = postSolution
		SolutionGuid = {2219FAA5-378E-4968-9B81-6D482D24981F}
	EndGlobalSection
EndGlobal
